
Microsoft Visual Studio Solution File, Format Version 12.00
# Visual Studio Version 16
VisualStudioVersion = 16.0.28803.202
MinimumVisualStudioVersion = 10.0.40219.1
Project("{9A19103F-16F7-4668-BE54-9A1E7A4F7556}") = "Ratchet", "Ratchet\Ratchet.csproj", "{17F68943-E8B6-40DA-8631-DB2F90449500}"
EndProject
Project("{2150E333-8FDC-42A3-9474-1A3956D46DE8}") = "Test", "Test", "{77C40132-A67B-4E6E-A7D9-CD07694DC1ED}"
EndProject
Project("{9A19103F-16F7-4668-BE54-9A1E7A4F7556}") = "WebApplication", "Test\WebApplication\WebApplication.csproj", "{14FEDBFD-11A4-4B67-9482-ADEB28C516BF}"
EndProject
Project("{9A19103F-16F7-4668-BE54-9A1E7A4F7556}") = "UnitTest", "Test\UnitTest\UnitTest.csproj", "{CBAC4E64-1E09-4077-8C80-71D3917FF806}"
EndProject
Global
	GlobalSection(SolutionConfigurationPlatforms) = preSolution
		Debug|Any CPU = Debug|Any CPU
		Release|Any CPU = Release|Any CPU
	EndGlobalSection
	GlobalSection(ProjectConfigurationPlatforms) = postSolution
		{17F68943-E8B6-40DA-8631-DB2F90449500}.Debug|Any CPU.ActiveCfg = Debug|Any CPU
		{17F68943-E8B6-40DA-8631-DB2F90449500}.Debug|Any CPU.Build.0 = Debug|Any CPU
		{17F68943-E8B6-40DA-8631-DB2F90449500}.Release|Any CPU.ActiveCfg = Release|Any CPU
		{17F68943-E8B6-40DA-8631-DB2F90449500}.Release|Any CPU.Build.0 = Release|Any CPU
		{14FEDBFD-11A4-4B67-9482-ADEB28C516BF}.Debug|Any CPU.ActiveCfg = Debug|Any CPU
		{14FEDBFD-11A4-4B67-9482-ADEB28C516BF}.Debug|Any CPU.Build.0 = Debug|Any CPU
		{14FEDBFD-11A4-4B67-9482-ADEB28C516BF}.Release|Any CPU.ActiveCfg = Release|Any CPU
		{14FEDBFD-11A4-4B67-9482-ADEB28C516BF}.Release|Any CPU.Build.0 = Release|Any CPU
		{CBAC4E64-1E09-4077-8C80-71D3917FF806}.Debug|Any CPU.ActiveCfg = Debug|Any CPU
		{CBAC4E64-1E09-4077-8C80-71D3917FF806}.Debug|Any CPU.Build.0 = Debug|Any CPU
		{CBAC4E64-1E09-4077-8C80-71D3917FF806}.Release|Any CPU.ActiveCfg = Release|Any CPU
		{CBAC4E64-1E09-4077-8C80-71D3917FF806}.Release|Any CPU.Build.0 = Release|Any CPU
	EndGlobalSection
	GlobalSection(SolutionProperties) = preSolution
		HideSolutionNode = FALSE
	EndGlobalSection
	GlobalSection(NestedProjects) = preSolution
		{14FEDBFD-11A4-4B67-9482-ADEB28C516BF} = {77C40132-A67B-4E6E-A7D9-CD07694DC1ED}
		{CBAC4E64-1E09-4077-8C80-71D3917FF806} = {77C40132-A67B-4E6E-A7D9-CD07694DC1ED}
	EndGlobalSection
	GlobalSection(ExtensibilityGlobals) = postSolution
		SolutionGuid = {C85FD430-F359-458B-9C56-43909D24980B}
	EndGlobalSection
EndGlobal
